
Microsoft Visual Studio Solution File, Format Version 12.00
# Visual Studio 15
VisualStudioVersion = 15.0.28307.421
MinimumVisualStudioVersion = 10.0.40219.1
Project("{FAE04EC0-301F-11D3-BF4B-00C04F79EFBC}") = "Project.Web", "ProjectGroup4\Project.Web.csproj", "{CE4AA672-40B3-4427-8BE5-1D891FF8B7D0}"
EndProject
Project("{FAE04EC0-301F-11D3-BF4B-00C04F79EFBC}") = "Project.Models", "Project.Models\Project.Models.csproj", "{F8B02205-1767-4850-8975-E599F9E619C3}"
EndProject
Project("{FAE04EC0-301F-11D3-BF4B-00C04F79EFBC}") = "Project.BAL", "Project.BAL\Project.BAL.csproj", "{BBDDCADA-831F-464F-A225-0FA30A098A94}"
EndProject
Global
	GlobalSection(SolutionConfigurationPlatforms) = preSolution
		Debug|Any CPU = Debug|Any CPU
		Release|Any CPU = Release|Any CPU
	EndGlobalSection
	GlobalSection(ProjectConfigurationPlatforms) = postSolution
		{CE4AA672-40B3-4427-8BE5-1D891FF8B7D0}.Debug|Any CPU.ActiveCfg = Debug|Any CPU
		{CE4AA672-40B3-4427-8BE5-1D891FF8B7D0}.Debug|Any CPU.Build.0 = Debug|Any CPU
		{CE4AA672-40B3-4427-8BE5-1D891FF8B7D0}.Release|Any CPU.ActiveCfg = Release|Any CPU
		{CE4AA672-40B3-4427-8BE5-1D891FF8B7D0}.Release|Any CPU.Build.0 = Release|Any CPU
		{F8B02205-1767-4850-8975-E599F9E619C3}.Debug|Any CPU.ActiveCfg = Debug|Any CPU
		{F8B02205-1767-4850-8975-E599F9E619C3}.Debug|Any CPU.Build.0 = Debug|Any CPU
		{F8B02205-1767-4850-8975-E599F9E619C3}.Release|Any CPU.ActiveCfg = Release|Any CPU
		{F8B02205-1767-4850-8975-E599F9E619C3}.Release|Any CPU.Build.0 = Release|Any CPU
		{BBDDCADA-831F-464F-A225-0FA30A098A94}.Debug|Any CPU.ActiveCfg = Debug|Any CPU
		{BBDDCADA-831F-464F-A225-0FA30A098A94}.Debug|Any CPU.Build.0 = Debug|Any CPU
		{BBDDCADA-831F-464F-A225-0FA30A098A94}.Release|Any CPU.ActiveCfg = Release|Any CPU
		{BBDDCADA-831F-464F-A225-0FA30A098A94}.Release|Any CPU.Build.0 = Release|Any CPU
	EndGlobalSection
	GlobalSection(SolutionProperties) = preSolution
		HideSolutionNode = FALSE
	EndGlobalSection
	GlobalSection(ExtensibilityGlobals) = postSolution
		SolutionGuid = {D759E246-5818-4769-8847-608040C4D472}
	EndGlobalSection
EndGlobal
